// !$*UTF8*$!
{
	archiveVersion = 1;
	classes = {
	};
	objectVersion = 56;
	objects = {

/* Begin PBXBuildFile section */
		65864B2B2E2C2D2C007C30C4 /* SupabaseService.swift in Sources */ = {isa = PBXBuildFile; fileRef = 65864B292E2C2D2C007C30C4 /* SupabaseService.swift */; };
		65864B2C2E2C2D2C007C30C4 /* UsageSession.swift in Sources */ = {isa = PBXBuildFile; fileRef = 65864B2A2E2C2D2C007C30C4 /* UsageSession.swift */; };
		65864B2E2E2C3528007C30C4 /* Supabase-Keys.plist in Resources */ = {isa = PBXBuildFile; fileRef = 65864B2D2E2C3528007C30C4 /* Supabase-Keys.plist */; };
		65864B322E2C3B03007C30C4 /* .gitignore in Resources */ = {isa = PBXBuildFile; fileRef = 65864B312E2C3B03007C30C4 /* .gitignore */; };
		65EF4F102E26E1CF004B52E3 /* hopechurchApp.swift in Sources */ = {isa = PBXBuildFile; fileRef = 65EF4F0F2E26E1CF004B52E3 /* hopechurchApp.swift */; };
		65EF4F142E26E1D2004B52E3 /* Assets.xcassets in Resources */ = {isa = PBXBuildFile; fileRef = 65EF4F132E26E1D2004B52E3 /* Assets.xcassets */; };
		65EF4F172E26E1D2004B52E3 /* Preview Assets.xcassets in Resources */ = {isa = PBXBuildFile; fileRef = 65EF4F162E26E1D2004B52E3 /* Preview Assets.xcassets */; };
		65EF4F212E26E1D2004B52E3 /* hopechurchTests.swift in Sources */ = {isa = PBXBuildFile; fileRef = 65EF4F202E26E1D2004B52E3 /* hopechurchTests.swift */; };
		65EF4F2B2E26E1D3004B52E3 /* hopechurchUITests.swift in Sources */ = {isa = PBXBuildFile; fileRef = 65EF4F2A2E26E1D3004B52E3 /* hopechurchUITests.swift */; };
		65EF4F2D2E26E1D3004B52E3 /* hopechurchUITestsLaunchTests.swift in Sources */ = {isa = PBXBuildFile; fileRef = 65EF4F2C2E26E1D3004B52E3 /* hopechurchUITestsLaunchTests.swift */; };
		65EF4F3C2E26E24E004B52E3 /* ContentView.swift in Sources */ = {isa = PBXBuildFile; fileRef = 65EF4F392E26E24D004B52E3 /* ContentView.swift */; };
		65EF4F3D2E26E24E004B52E3 /* HistoryView.swift in Sources */ = {isa = PBXBuildFile; fileRef = 65EF4F3A2E26E24E004B52E3 /* HistoryView.swift */; };
		C1B4A7F92E5B9D8B004079A3 /* Supabase in Frameworks */ = {isa = PBXBuildFile; productRef = C1B4A7F82E5B9D8B004079A3 /* Supabase */; };
/* End PBXBuildFile section */

/* Begin PBXContainerItemProxy section */
		65EF4F1D2E26E1D2004B52E3 /* PBXContainerItemProxy */ = {
			isa = PBXContainerItemProxy;
			containerPortal = 65EF4F042E26E1CF004B52E3 /* Project object */;
			proxyType = 1;
			remoteGlobalIDString = 65EF4F0B2E26E1CF004B52E3;
			remoteInfo = hopechurch;
		};
		65EF4F272E26E1D2004B52E3 /* PBXContainerItemProxy */ = {
			isa = PBXContainerItemProxy;
			containerPortal = 65EF4F042E26E1CF004B52E3 /* Project object */;
			proxyType = 1;
			remoteGlobalIDString = 65EF4F0B2E26E1CF004B52E3;
			remoteInfo = hopechurch;
		};
/* End PBXContainerItemProxy section */

/* Begin PBXFileReference section */
		65864B292E2C2D2C007C30C4 /* SupabaseService.swift */ = {isa = PBXFileReference; fileEncoding = 4; lastKnownFileType = sourcecode.swift; path = SupabaseService.swift; sourceTree = "<group>"; };
		65864B2A2E2C2D2C007C30C4 /* UsageSession.swift */ = {isa = PBXFileReference; fileEncoding = 4; lastKnownFileType = sourcecode.swift; path = UsageSession.swift; sourceTree = "<group>"; };
		65864B2D2E2C3528007C30C4 /* Supabase-Keys.plist */ = {isa = PBXFileReference; lastKnownFileType = text.plist.xml; path = "Supabase-Keys.plist"; sourceTree = "<group>"; };
		65864B312E2C3B03007C30C4 /* .gitignore */ = {isa = PBXFileReference; lastKnownFileType = text; path = .gitignore; sourceTree = "<group>"; };
		65EF4F0C2E26E1CF004B52E3 /* hopechurch.app */ = {isa = PBXFileReference; explicitFileType = wrapper.application; includeInIndex = 0; path = hopechurch.app; sourceTree = BUILT_PRODUCTS_DIR; };
		65EF4F0F2E26E1CF004B52E3 /* hopechurchApp.swift */ = {isa = PBXFileReference; lastKnownFileType = sourcecode.swift; path = hopechurchApp.swift; sourceTree = "<group>"; };
		65EF4F132E26E1D2004B52E3 /* Assets.xcassets */ = {isa = PBXFileReference; lastKnownFileType = folder.assetcatalog; path = Assets.xcassets; sourceTree = "<group>"; };
		65EF4F162E26E1D2004B52E3 /* Preview Assets.xcassets */ = {isa = PBXFileReference; lastKnownFileType = folder.assetcatalog; path = "Preview Assets.xcassets"; sourceTree = "<group>"; };
		65EF4F1C2E26E1D2004B52E3 /* hopechurchTests.xctest */ = {isa = PBXFileReference; explicitFileType = wrapper.cfbundle; includeInIndex = 0; path = hopechurchTests.xctest; sourceTree = BUILT_PRODUCTS_DIR; };
		65EF4F202E26E1D2004B52E3 /* hopechurchTests.swift */ = {isa = PBXFileReference; lastKnownFileType = sourcecode.swift; path = hopechurchTests.swift; sourceTree = "<group>"; };
		65EF4F262E26E1D2004B52E3 /* hopechurchUITests.xctest */ = {isa = PBXFileReference; explicitFileType = wrapper.cfbundle; includeInIndex = 0; path = hopechurchUITests.xctest; sourceTree = BUILT_PRODUCTS_DIR; };
		65EF4F2A2E26E1D3004B52E3 /* hopechurchUITests.swift */ = {isa = PBXFileReference; lastKnownFileType = sourcecode.swift; path = hopechurchUITests.swift; sourceTree = "<group>"; };
		65EF4F2C2E26E1D3004B52E3 /* hopechurchUITestsLaunchTests.swift */ = {isa = PBXFileReference; lastKnownFileType = sourcecode.swift; path = hopechurchUITestsLaunchTests.swift; sourceTree = "<group>"; };
		65EF4F392E26E24D004B52E3 /* ContentView.swift */ = {isa = PBXFileReference; fileEncoding = 4; lastKnownFileType = sourcecode.swift; path = ContentView.swift; sourceTree = "<group>"; };
		65EF4F3A2E26E24E004B52E3 /* HistoryView.swift */ = {isa = PBXFileReference; fileEncoding = 4; lastKnownFileType = sourcecode.swift; path = HistoryView.swift; sourceTree = "<group>"; };
/* End PBXFileReference section */

/* Begin PBXFrameworksBuildPhase section */
		65EF4F092E26E1CF004B52E3 /* Frameworks */ = {
			isa = PBXFrameworksBuildPhase;
			buildActionMask = 2147483647;
			files = (
				C1B4A7F92E5B9D8B004079A3 /* Supabase in Frameworks */,
			);
			runOnlyForDeploymentPostprocessing = 0;
		};
		65EF4F192E26E1D2004B52E3 /* Frameworks */ = {
			isa = PBXFrameworksBuildPhase;
			buildActionMask = 2147483647;
			files = (
			);
			runOnlyForDeploymentPostprocessing = 0;
		};
		65EF4F232E26E1D2004B52E3 /* Frameworks */ = {
			isa = PBXFrameworksBuildPhase;
			buildActionMask = 2147483647;
			files = (
			);
			runOnlyForDeploymentPostprocessing = 0;
		};
/* End PBXFrameworksBuildPhase section */

/* Begin PBXGroup section */
		65EF4F032E26E1CF004B52E3 = {
			isa = PBXGroup;
			children = (
				65864B312E2C3B03007C30C4 /* .gitignore */,
				65EF4F0E2E26E1CF004B52E3 /* hopechurch */,
				65EF4F1F2E26E1D2004B52E3 /* hopechurchTests */,
				65EF4F292E26E1D2004B52E3 /* hopechurchUITests */,
				65EF4F0D2E26E1CF004B52E3 /* Products */,
			);
			sourceTree = "<group>";
		};
		65EF4F0D2E26E1CF004B52E3 /* Products */ = {
			isa = PBXGroup;
			children = (
				65EF4F0C2E26E1CF004B52E3 /* hopechurch.app */,
				65EF4F1C2E26E1D2004B52E3 /* hopechurchTests.xctest */,
				65EF4F262E26E1D2004B52E3 /* hopechurchUITests.xctest */,
			);
			name = Products;
			sourceTree = "<group>";
		};
		65EF4F0E2E26E1CF004B52E3 /* hopechurch */ = {
			isa = PBXGroup;
			children = (
				65864B292E2C2D2C007C30C4 /* SupabaseService.swift */,
				65864B2A2E2C2D2C007C30C4 /* UsageSession.swift */,
				65EF4F392E26E24D004B52E3 /* ContentView.swift */,
				65EF4F3A2E26E24E004B52E3 /* HistoryView.swift */,
				65864B2D2E2C3528007C30C4 /* Supabase-Keys.plist */,
				65EF4F0F2E26E1CF004B52E3 /* hopechurchApp.swift */,
				65EF4F132E26E1D2004B52E3 /* Assets.xcassets */,
				65EF4F152E26E1D2004B52E3 /* Preview Content */,
			);
			path = hopechurch;
			sourceTree = "<group>";
		};
		65EF4F152E26E1D2004B52E3 /* Preview Content */ = {
			isa = PBXGroup;
			children = (
				65EF4F162E26E1D2004B52E3 /* Preview Assets.xcassets */,
			);
			path = "Preview Content";
			sourceTree = "<group>";
		};
		65EF4F1F2E26E1D2004B52E3 /* hopechurchTests */ = {
			isa = PBXGroup;
			children = (
				65EF4F202E26E1D2004B52E3 /* hopechurchTests.swift */,
			);
			path = hopechurchTests;
			sourceTree = "<group>";
		};
		65EF4F292E26E1D2004B52E3 /* hopechurchUITests */ = {
			isa = PBXGroup;
			children = (
				65EF4F2A2E26E1D3004B52E3 /* hopechurchUITests.swift */,
				65EF4F2C2E26E1D3004B52E3 /* hopechurchUITestsLaunchTests.swift */,
			);
			path = hopechurchUITests;
			sourceTree = "<group>";
		};
/* End PBXGroup section */

/* Begin PBXNativeTarget section */
		65EF4F0B2E26E1CF004B52E3 /* hopechurch */ = {
			isa = PBXNativeTarget;
			buildConfigurationList = 65EF4F302E26E1D3004B52E3 /* Build configuration list for PBXNativeTarget "hopechurch" */;
			buildPhases = (
				65EF4F082E26E1CF004B52E3 /* Sources */,
				65EF4F092E26E1CF004B52E3 /* Frameworks */,
				65EF4F0A2E26E1CF004B52E3 /* Resources */,
			);
			buildRules = (
			);
			dependencies = (
				C1B4A7FA2E5B9D8B004079A3 /* PBXTargetDependency */,
			);
			name = hopechurch;
			productName = hopechurch;
			productReference = 65EF4F0C2E26E1CF004B52E3 /* hopechurch.app */;
			productType = "com.apple.product-type.application";
		};
		65EF4F1B2E26E1D2004B52E3 /* hopechurchTests */ = {
			isa = PBXNativeTarget;
			buildConfigurationList = 65EF4F332E26E1D3004B52E3 /* Build configuration list for PBXNativeTarget "hopechurchTests" */;
			buildPhases = (
				65EF4F182E26E1D2004B52E3 /* Sources */,
				65EF4F192E26E1D2004B52E3 /* Frameworks */,
				65EF4F1A2E26E1D2004B52E3 /* Resources */,
			);
			buildRules = (
			);
			dependencies = (
				65EF4F1E2E26E1D2004B52E3 /* PBXTargetDependency */,
			);
			name = hopechurchTests;
			productName = hopechurchTests;
			productReference = 65EF4F1C2E26E1D2004B52E3 /* hopechurchTests.xctest */;
			productType = "com.apple.product-type.bundle.unit-test";
		};
		65EF4F252E26E1D2004B52E3 /* hopechurchUITests */ = {
			isa = PBXNativeTarget;
			buildConfigurationList = 65EF4F362E26E1D3004B52E3 /* Build configuration list for PBXNativeTarget "hopechurchUITests" */;
			buildPhases = (
				65EF4F222E26E1D2004B52E3 /* Sources */,
				65EF4F232E26E1D2004B52E3 /* Frameworks */,
				65EF4F242E26E1D2004B52E3 /* Resources */,
			);
			buildRules = (
			);
			dependencies = (
				65EF4F282E26E1D2004B52E3 /* PBXTargetDependency */,
			);
			name = hopechurchUITests;
			productName = hopechurchUITests;
			productReference = 65EF4F262E26E1D2004B52E3 /* hopechurchUITests.xctest */;
			productType = "com.apple.product-type.bundle.ui-testing";
		};
/* End PBXNativeTarget section */

/* Begin PBXProject section */
		65EF4F042E26E1CF004B52E3 /* Project object */ = {
			isa = PBXProject;
			attributes = {
				BuildIndependentTargetsInParallel = 1;
				LastSwiftUpdateCheck = 1500;
				LastUpgradeCheck = 1500;
				TargetAttributes = {
					65EF4F0B2E26E1CF004B52E3 = {
						CreatedOnToolsVersion = 15.0;
					};
					65EF4F1B2E26E1D2004B52E3 = {
						CreatedOnToolsVersion = 15.0;
						TestTargetID = 65EF4F0B2E26E1CF004B52E3;
					};
					65EF4F252E26E1D2004B52E3 = {
						CreatedOnToolsVersion = 15.0;
						TestTargetID = 65EF4F0B2E26E1CF004B52E3;
					};
				};
			};
			buildConfigurationList = 65EF4F072E26E1CF004B52E3 /* Build configuration list for PBXProject "hopechurch" */;
			compatibilityVersion = "Xcode 14.0";
			developmentRegion = en;
			hasScannedForEncodings = 0;
			knownRegions = (
				en,
				Base,
			);
			mainGroup = 65EF4F032E26E1CF004B52E3;
			packageReferences = (
				C1B4A7F72E5B9D8B004079A3 /* XCRemoteSwiftPackageReference "supabase-swift" */,
			);
			productRefGroup = 65EF4F0D2E26E1CF004B52E3 /* Products */;
			projectDirPath = "";
			projectRoot = "";
			targets = (
				65EF4F0B2E26E1CF004B52E3 /* hopechurch */,
				65EF4F1B2E26E1D2004B52E3 /* hopechurchTests */,
				65EF4F252E26E1D2004B52E3 /* hopechurchUITests */,
			);
		};
/* End PBXProject section */

/* Begin PBXResourcesBuildPhase section */
		65EF4F0A2E26E1CF004B52E3 /* Resources */ = {
			isa = PBXResourcesBuildPhase;
			buildActionMask = 2147483647;
			files = (
				65864B322E2C3B03007C30C4 /* .gitignore in Resources */,
				65864B2E2E2C3528007C30C4 /* Supabase-Keys.plist in Resources */,
				65EF4F172E26E1D2004B52E3 /* Preview Assets.xcassets in Resources */,
				65EF4F142E26E1D2004B52E3 /* Assets.xcassets in Resources */,
			);
			runOnlyForDeploymentPostprocessing = 0;
		};
		65EF4F1A2E26E1D2004B52E3 /* Resources */ = {
			isa = PBXResourcesBuildPhase;
			buildActionMask = 2147483647;
			files = (
			);
			runOnlyForDeploymentPostprocessing = 0;
		};
		65EF4F242E26E1D2004B52E3 /* Resources */ = {
			isa = PBXResourcesBuildPhase;
			buildActionMask = 2147483647;
			files = (
			);
			runOnlyForDeploymentPostprocessing = 0;
		};
/* End PBXResourcesBuildPhase section */

/* Begin PBXSourcesBuildPhase section */
		65EF4F082E26E1CF004B52E3 /* Sources */ = {
			isa = PBXSourcesBuildPhase;
			buildActionMask = 2147483647;
			files = (
				65864B2C2E2C2D2C007C30C4 /* UsageSession.swift in Sources */,
				65EF4F3C2E26E24E004B52E3 /* ContentView.swift in Sources */,
				65864B2B2E2C2D2C007C30C4 /* SupabaseService.swift in Sources */,
				65EF4F3D2E26E24E004B52E3 /* HistoryView.swift in Sources */,
				65EF4F102E26E1CF004B52E3 /* hopechurchApp.swift in Sources */,
			);
			runOnlyForDeploymentPostprocessing = 0;
		};
		65EF4F182E26E1D2004B52E3 /* Sources */ = {
			isa = PBXSourcesBuildPhase;
			buildActionMask = 2147483647;
			files = (
				65EF4F212E26E1D2004B52E3 /* hopechurchTests.swift in Sources */,
			);
			runOnlyForDeploymentPostprocessing = 0;
		};
		65EF4F222E26E1D2004B52E3 /* Sources */ = {
			isa = PBXSourcesBuildPhase;
			buildActionMask = 2147483647;
			files = (
				65EF4F2B2E26E1D3004B52E3 /* hopechurchUITests.swift in Sources */,
				65EF4F2D2E26E1D3004B52E3 /* hopechurchUITestsLaunchTests.swift in Sources */,
			);
			runOnlyForDeploymentPostprocessing = 0;
		};
/* End PBXSourcesBuildPhase section */

/* Begin PBXTargetDependency section */
		65EF4F1E2E26E1D2004B52E3 /* PBXTargetDependency */ = {
			isa = PBXTargetDependency;
			target = 65EF4F0B2E26E1CF004B52E3 /* hopechurch */;
			targetProxy = 65EF4F1D2E26E1D2004B52E3 /* PBXContainerItemProxy */;
		};
		65EF4F282E26E1D2004B52E3 /* PBXTargetDependency */ = {
			isa = PBXTargetDependency;
			target = 65EF4F0B2E26E1CF004B52E3 /* hopechurch */;
			targetProxy = 65EF4F272E26E1D2004B52E3 /* PBXContainerItemProxy */;
		};
		C1B4A7FA2E5B9D8B004079A3 /* PBXTargetDependency */ = {
			isa = PBXTargetDependency;
			productRef = C1B4A7F82E5B9D8B004079A3 /* Supabase */;
		};
/* End PBXTargetDependency section */

/* Begin XCBuildConfiguration section */
		65EF4F2E2E26E1D3004B52E3 /* Debug */ = {
			isa = XCBuildConfiguration;
			buildSettings = {
				ALWAYS_SEARCH_USER_PATHS = NO;
				ASSETCATALOG_COMPILER_GENERATE_SWIFT_ASSET_SYMBOL_EXTENSIONS = YES;
				CLANG_ANALYZER_NONNULL = YES;
				CLANG_ANALYZER_NUMBER_OBJECT_CONVERSION = YES_AGGRESSIVE;
				CLANG_CXX_LANGUAGE_STANDARD = "gnu++20";
				CLANG_ENABLE_MODULES = YES;
				CLANG_ENABLE_OBJC_ARC = YES;
				CLANG_ENABLE_OBJC_WEAK = YES;
				CLANG_WARN_BLOCK_CAPTURE_AUTORELEASING = YES;
				CLANG_WARN_BOOL_CONVERSION = YES;
				CLANG_WARN_COMMA = YES;
				CLANG_WARN_CONSTANT_CONVERSION = YES;
				CLANG_WARN_DEPRECATED_OBJC_IMPLEMENTATIONS = YES;
				CLANG_WARN_DIRECT_OBJC_ISA_USAGE = YES_ERROR;
				CLANG_WARN_DOCUMENTATION_COMMENTS = YES;
				CLANG_WARN_EMPTY_BODY = YES;
				CLANG_WARN_ENUM_CONVERSION = YES;
				CLANG_WARN_INFINITE_RECURSION = YES;
				CLANG_WARN_INT_CONVERSION = YES;
				CLANG_WARN_NON_LITERAL_NULL_CONVERSION = YES;
				CLANG_WARN_OBJC_IMPLICIT_RETAIN_SELF = YES;
				CLANG_WARN_OBJC_LITERAL_CONVERSION = YES;
				CLANG_WARN_OBJC_ROOT_CLASS = YES_ERROR;
				CLANG_WARN_QUOTED_INCLUDE_IN_FRAMEWORK_HEADER = YES;
				CLANG_WARN_RANGE_LOOP_ANALYSIS = YES;
				CLANG_WARN_STRICT_PROTOTYPES = YES;
				CLANG_WARN_SUSPICIOUS_MOVE = YES;
				CLANG_WARN_UNGUARDED_AVAILABILITY = YES_AGGRESSIVE;
				CLANG_WARN_UNREACHABLE_CODE = YES;
				CLANG_WARN__DUPLICATE_METHOD_MATCH = YES;
				COPY_PHASE_STRIP = NO;
				DEBUG_INFORMATION_FORMAT = dwarf;
				ENABLE_STRICT_OBJC_MSGSEND = YES;
				ENABLE_TESTABILITY = YES;
				ENABLE_USER_SCRIPT_SANDBOXING = YES;
				GCC_C_LANGUAGE_STANDARD = gnu17;
				GCC_DYNAMIC_NO_PIC = NO;
				GCC_NO_COMMON_BLOCKS = YES;
				GCC_OPTIMIZATION_LEVEL = 0;
				GCC_PREPROCESSOR_DEFINITIONS = (
					"DEBUG=1",
					"$(inherited)",
				);
				GCC_WARN_64_TO_32_BIT_CONVERSION = YES;
				GCC_WARN_ABOUT_RETURN_TYPE = YES_ERROR;
				GCC_WARN_UNDECLARED_SELECTOR = YES;
				GCC_WARN_UNINITIALIZED_AUTOS = YES_AGGRESSIVE;
				GCC_WARN_UNUSED_FUNCTION = YES;
				GCC_WARN_UNUSED_VARIABLE = YES;
				IPHONEOS_DEPLOYMENT_TARGET = 17.0;
				LOCALIZATION_PREFERS_STRING_CATALOGS = YES;
				MTL_ENABLE_DEBUG_INFO = INCLUDE_SOURCE;
				MTL_FAST_MATH = YES;
				ONLY_ACTIVE_ARCH = YES;
				SDKROOT = iphoneos;
				SWIFT_ACTIVE_COMPILATION_CONDITIONS = "DEBUG $(inherited)";
				SWIFT_OPTIMIZATION_LEVEL = "-Onone";
			};
			name = Debug;
		};
		65EF4F2F2E26E1D3004B52E3 /* Release */ = {
			isa = XCBuildConfiguration;
			buildSettings = {
				ALWAYS_SEARCH_USER_PATHS = NO;
				ASSETCATALOG_COMPILER_GENERATE_SWIFT_ASSET_SYMBOL_EXTENSIONS = YES;
				CLANG_ANALYZER_NONNULL = YES;
				CLANG_ANALYZER_NUMBER_OBJECT_CONVERSION = YES_AGGRESSIVE;
				CLANG_CXX_LANGUAGE_STANDARD = "gnu++20";
				CLANG_ENABLE_MODULES = YES;
				CLANG_ENABLE_OBJC_ARC = YES;
				CLANG_ENABLE_OBJC_WEAK = YES;
				CLANG_WARN_BLOCK_CAPTURE_AUTORELEASING = YES;
				CLANG_WARN_BOOL_CONVERSION = YES;
				CLANG_WARN_COMMA = YES;
				CLANG_WARN_CONSTANT_CONVERSION = YES;
				CLANG_WARN_DEPRECATED_OBJC_IMPLEMENTATIONS = YES;
				CLANG_WARN_DIRECT_OBJC_ISA_USAGE = YES_ERROR;
				CLANG_WARN_DOCUMENTATION_COMMENTS = YES;
				CLANG_WARN_EMPTY_BODY = YES;
				CLANG_WARN_ENUM_CONVERSION = YES;
				CLANG_WARN_INFINITE_RECURSION = YES;
				CLANG_WARN_INT_CONVERSION = YES;
				CLANG_WARN_NON_LITERAL_NULL_CONVERSION = YES;
				CLANG_WARN_OBJC_IMPLICIT_RETAIN_SELF = YES;
				CLANG_WARN_OBJC_LITERAL_CONVERSION = YES;
				CLANG_WARN_OBJC_ROOT_CLASS = YES_ERROR;
				CLANG_WARN_QUOTED_INCLUDE_IN_FRAMEWORK_HEADER = YES;
				CLANG_WARN_RANGE_LOOP_ANALYSIS = YES;
				CLANG_WARN_STRICT_PROTOTYPES = YES;
				CLANG_WARN_SUSPICIOUS_MOVE = YES;
				CLANG_WARN_UNGUARDED_AVAILABILITY = YES_AGGRESSIVE;
				CLANG_WARN_UNREACHABLE_CODE = YES;
				CLANG_WARN__DUPLICATE_METHOD_MATCH = YES;
				COPY_PHASE_STRIP = NO;
				DEBUG_INFORMATION_FORMAT = "dwarf-with-dsym";
				ENABLE_NS_ASSERTIONS = NO;
				ENABLE_STRICT_OBJC_MSGSEND = YES;
				ENABLE_USER_SCRIPT_SANDBOXING = YES;
				GCC_C_LANGUAGE_STANDARD = gnu17;
				GCC_NO_COMMON_BLOCKS = YES;
				GCC_WARN_64_TO_32_BIT_CONVERSION = YES;
				GCC_WARN_ABOUT_RETURN_TYPE = YES_ERROR;
				GCC_WARN_UNDECLARED_SELECTOR = YES;
				GCC_WARN_UNINITIALIZED_AUTOS = YES_AGGRESSIVE;
				GCC_WARN_UNUSED_FUNCTION = YES;
				GCC_WARN_UNUSED_VARIABLE = YES;
				IPHONEOS_DEPLOYMENT_TARGET = 17.0;
				LOCALIZATION_PREFERS_STRING_CATALOGS = YES;
				MTL_ENABLE_DEBUG_INFO = NO;
				MTL_FAST_MATH = YES;
				SDKROOT = iphoneos;
				SWIFT_COMPILATION_MODE = wholemodule;
				VALIDATE_PRODUCT = YES;
			};
			name = Release;
		};
		65EF4F312E26E1D3004B52E3 /* Debug */ = {
			isa = XCBuildConfiguration;
			buildSettings = {
				ASSETCATALOG_COMPILER_APPICON_NAME = AppIcon;
				ASSETCATALOG_COMPILER_GLOBAL_ACCENT_COLOR_NAME = AccentColor;
				CODE_SIGN_STYLE = Automatic;
				CURRENT_PROJECT_VERSION = 1;
				DEVELOPMENT_ASSET_PATHS = "\"hopechurch/Preview Content\"";
				DEVELOPMENT_TEAM = ZR9D4W85NJ;
				ENABLE_PREVIEWS = YES;
				GENERATE_INFOPLIST_FILE = YES;
				INFOPLIST_KEY_UIApplicationSceneManifest_Generation = YES;
				INFOPLIST_KEY_UIApplicationSupportsIndirectInputEvents = YES;
				INFOPLIST_KEY_UILaunchScreen_Generation = YES;
				INFOPLIST_KEY_UISupportedInterfaceOrientations_iPad = "UIInterfaceOrientationPortrait UIInterfaceOrientationPortraitUpsideDown UIInterfaceOrientationLandscapeLeft UIInterfaceOrientationLandscapeRight";
				INFOPLIST_KEY_UISupportedInterfaceOrientations_iPhone = "UIInterfaceOrientationPortrait UIInterfaceOrientationLandscapeLeft UIInterfaceOrientationLandscapeRight";
				LD_RUNPATH_SEARCH_PATHS = (
					"$(inherited)",
					"@executable_path/Frameworks",
				);
				MARKETING_VERSION = 1.0;
				PRODUCT_BUNDLE_IDENTIFIER = yuting.hopechurch;
				PRODUCT_NAME = "$(TARGET_NAME)";
				SWIFT_EMIT_LOC_STRINGS = YES;
				SWIFT_VERSION = 5.0;
				TARGETED_DEVICE_FAMILY = "1,2";
			};
			name = Debug;
		};
		65EF4F322E26E1D3004B52E3 /* Release */ = {
			isa = XCBuildConfiguration;
			buildSettings = {
				ASSETCATALOG_COMPILER_APPICON_NAME = AppIcon;
				ASSETCATALOG_COMPILER_GLOBAL_ACCENT_COLOR_NAME = AccentColor;
				CODE_SIGN_STYLE = Automatic;
				CURRENT_PROJECT_VERSION = 1;
				DEVELOPMENT_ASSET_PATHS = "\"hopechurch/Preview Content\"";
				DEVELOPMENT_TEAM = ZR9D4W85NJ;
				ENABLE_PREVIEWS = YES;
				GENERATE_INFOPLIST_FILE = YES;
				INFOPLIST_KEY_UIApplicationSceneManifest_Generation = YES;
				INFOPLIST_KEY_UIApplicationSupportsIndirectInputEvents = YES;
				INFOPLIST_KEY_UILaunchScreen_Generation = YES;
				INFOPLIST_KEY_UISupportedInterfaceOrientations_iPad = "UIInterfaceOrientationPortrait UIInterfaceOrientationPortraitUpsideDown UIInterfaceOrientationLandscapeLeft UIInterfaceOrientationLandscapeRight";
				INFOPLIST_KEY_UISupportedInterfaceOrientations_iPhone = "UIInterfaceOrientationPortrait UIInterfaceOrientationLandscapeLeft UIInterfaceOrientationLandscapeRight";
				LD_RUNPATH_SEARCH_PATHS = (
					"$(inherited)",
					"@executable_path/Frameworks",
				);
				MARKETING_VERSION = 1.0;
				PRODUCT_BUNDLE_IDENTIFIER = yuting.hopechurch;
				PRODUCT_NAME = "$(TARGET_NAME)";
				SWIFT_EMIT_LOC_STRINGS = YES;
				SWIFT_VERSION = 5.0;
				TARGETED_DEVICE_FAMILY = "1,2";
			};
			name = Release;
		};
		65EF4F342E26E1D3004B52E3 /* Debug */ = {
			isa = XCBuildConfiguration;
			buildSettings = {
				ALWAYS_EMBED_SWIFT_STANDARD_LIBRARIES = YES;
				BUNDLE_LOADER = "$(TEST_HOST)";
				CODE_SIGN_STYLE = Automatic;
				CURRENT_PROJECT_VERSION = 1;
				DEVELOPMENT_TEAM = ZR9D4W85NJ;
				GENERATE_INFOPLIST_FILE = YES;
				IPHONEOS_DEPLOYMENT_TARGET = 17.0;
				MARKETING_VERSION = 1.0;
				PRODUCT_BUNDLE_IDENTIFIER = yuting.hopechurchTests;
				PRODUCT_NAME = "$(TARGET_NAME)";
				SWIFT_EMIT_LOC_STRINGS = NO;
				SWIFT_VERSION = 5.0;
				TARGETED_DEVICE_FAMILY = "1,2";
				TEST_HOST = "$(BUILT_PRODUCTS_DIR)/hopechurch.app/$(BUNDLE_EXECUTABLE_FOLDER_PATH)/hopechurch";
			};
			name = Debug;
		};
		65EF4F352E26E1D3004B52E3 /* Release */ = {
			isa = XCBuildConfiguration;
			buildSettings = {
				ALWAYS_EMBED_SWIFT_STANDARD_LIBRARIES = YES;
				BUNDLE_LOADER = "$(TEST_HOST)";
				CODE_SIGN_STYLE = Automatic;
				CURRENT_PROJECT_VERSION = 1;
				DEVELOPMENT_TEAM = ZR9D4W85NJ;
				GENERATE_INFOPLIST_FILE = YES;
				IPHONEOS_DEPLOYMENT_TARGET = 17.0;
				MARKETING_VERSION = 1.0;
				PRODUCT_BUNDLE_IDENTIFIER = yuting.hopechurchTests;
				PRODUCT_NAME = "$(TARGET_NAME)";
				SWIFT_EMIT_LOC_STRINGS = NO;
				SWIFT_VERSION = 5.0;
				TARGETED_DEVICE_FAMILY = "1,2";
				TEST_HOST = "$(BUILT_PRODUCTS_DIR)/hopechurch.app/$(BUNDLE_EXECUTABLE_FOLDER_PATH)/hopechurch";
			};
			name = Release;
		};
		65EF4F372E26E1D3004B52E3 /* Debug */ = {
			isa = XCBuildConfiguration;
			buildSettings = {
				ALWAYS_EMBED_SWIFT_STANDARD_LIBRARIES = YES;
				CODE_SIGN_STYLE = Automatic;
				CURRENT_PROJECT_VERSION = 1;
				DEVELOPMENT_TEAM = ZR9D4W85NJ;
				GENERATE_INFOPLIST_FILE = YES;
				MARKETING_VERSION = 1.0;
				PRODUCT_BUNDLE_IDENTIFIER = yuting.hopechurchUITests;
				PRODUCT_NAME = "$(TARGET_NAME)";
				SWIFT_EMIT_LOC_STRINGS = NO;
				SWIFT_VERSION = 5.0;
				TARGETED_DEVICE_FAMILY = "1,2";
				TEST_TARGET_NAME = hopechurch;
			};
			name = Debug;
		};
		65EF4F382E26E1D3004B52E3 /* Release */ = {
			isa = XCBuildConfiguration;
			buildSettings = {
				ALWAYS_EMBED_SWIFT_STANDARD_LIBRARIES = YES;
				CODE_SIGN_STYLE = Automatic;
				CURRENT_PROJECT_VERSION = 1;
				DEVELOPMENT_TEAM = ZR9D4W85NJ;
				GENERATE_INFOPLIST_FILE = YES;
				MARKETING_VERSION = 1.0;
				PRODUCT_BUNDLE_IDENTIFIER = yuting.hopechurchUITests;
				PRODUCT_NAME = "$(TARGET_NAME)";
				SWIFT_EMIT_LOC_STRINGS = NO;
				SWIFT_VERSION = 5.0;
				TARGETED_DEVICE_FAMILY = "1,2";
				TEST_TARGET_NAME = hopechurch;
			};
			name = Release;
		};
/* End XCBuildConfiguration section */

/* Begin XCConfigurationList section */
		65EF4F072E26E1CF004B52E3 /* Build configuration list for PBXProject "hopechurch" */ = {
			isa = XCConfigurationList;
			buildConfigurations = (
				65EF4F2E2E26E1D3004B52E3 /* Debug */,
				65EF4F2F2E26E1D3004B52E3 /* Release */,
			);
			defaultConfigurationIsVisible = 0;
			defaultConfigurationName = Release;
		};
		65EF4F302E26E1D3004B52E3 /* Build configuration list for PBXNativeTarget "hopechurch" */ = {
			isa = XCConfigurationList;
			buildConfigurations = (
				65EF4F312E26E1D3004B52E3 /* Debug */,
				65EF4F322E26E1D3004B52E3 /* Release */,
			);
			defaultConfigurationIsVisible = 0;
			defaultConfigurationName = Release;
		};
		65EF4F332E26E1D3004B52E3 /* Build configuration list for PBXNativeTarget "hopechurchTests" */ = {
			isa = XCConfigurationList;
			buildConfigurations = (
				65EF4F342E26E1D3004B52E3 /* Debug */,
				65EF4F352E26E1D3004B52E3 /* Release */,
			);
			defaultConfigurationIsVisible = 0;
			defaultConfigurationName = Release;
		};
		65EF4F362E26E1D3004B52E3 /* Build configuration list for PBXNativeTarget "hopechurchUITests" */ = {
			isa = XCConfigurationList;
			buildConfigurations = (
				65EF4F372E26E1D3004B52E3 /* Debug */,
				65EF4F382E26E1D3004B52E3 /* Release */,
			);
			defaultConfigurationIsVisible = 0;
			defaultConfigurationName = Release;
		};
/* End XCConfigurationList section */

/* Begin XCRemoteSwiftPackageReference section */
		C1B4A7F72E5B9D8B004079A3 /* XCRemoteSwiftPackageReference "supabase-swift" */ = {
			isa = XCRemoteSwiftPackageReference;
			repositoryURL = "https://github.com/supabase/supabase-swift.git";
			requirement = {
				kind = upToNextMajorVersion;
				minimumVersion = 2.0.0;
			};
		};
/* End XCRemoteSwiftPackageReference section */

/* Begin XCSwiftPackageProductDependency section */
		C1B4A7F82E5B9D8B004079A3 /* Supabase */ = {
			isa = XCSwiftPackageProductDependency;
			package = C1B4A7F72E5B9D8B004079A3 /* XCRemoteSwiftPackageReference "supabase-swift" */;
			productName = Supabase;
		};
/* End XCSwiftPackageProductDependency section */
	};
	rootObject = 65EF4F042E26E1CF004B52E3 /* Project object */;
}
